
Microsoft Visual Studio Solution File, Format Version 12.00
# Visual Studio 15
VisualStudioVersion = 15.0.27004.2010
MinimumVisualStudioVersion = 10.0.40219.1
Project("{FAE04EC0-301F-11D3-BF4B-00C04F79EFBC}") = "StableMarriageProblem", "StableMarriageProblem\StableMarriageProblem.csproj", "{48E828B9-B3A8-474B-A40D-2DA1EDE1F02E}"
EndProject
Global
	GlobalSection(SolutionConfigurationPlatforms) = preSolution
		Debug|Any CPU = Debug|Any CPU
		Release|Any CPU = Release|Any CPU
	EndGlobalSection
	GlobalSection(ProjectConfigurationPlatforms) = postSolution
		{48E828B9-B3A8-474B-A40D-2DA1EDE1F02E}.Debug|Any CPU.ActiveCfg = Debug|Any CPU
		{48E828B9-B3A8-474B-A40D-2DA1EDE1F02E}.Debug|Any CPU.Build.0 = Debug|Any CPU
		{48E828B9-B3A8-474B-A40D-2DA1EDE1F02E}.Release|Any CPU.ActiveCfg = Release|Any CPU
		{48E828B9-B3A8-474B-A40D-2DA1EDE1F02E}.Release|Any CPU.Build.0 = Release|Any CPU
	EndGlobalSection
	GlobalSection(SolutionProperties) = preSolution
		HideSolutionNode = FALSE
	EndGlobalSection
	GlobalSection(ExtensibilityGlobals) = postSolution
		SolutionGuid = {8E97BC8C-599D-419D-8E70-4B95BF1267B7}
	EndGlobalSection
EndGlobal
