
Microsoft Visual Studio Solution File, Format Version 12.00
# Visual Studio 15
VisualStudioVersion = 15.0.27130.2010
MinimumVisualStudioVersion = 10.0.40219.1
Project("{FAE04EC0-301F-11D3-BF4B-00C04F79EFBC}") = "HashTable", "HashTable\HashTable.csproj", "{6A69FD7E-83BB-449F-A800-05CA4C6472B8}"
EndProject
Global
	GlobalSection(SolutionConfigurationPlatforms) = preSolution
		Debug|Any CPU = Debug|Any CPU
		Release|Any CPU = Release|Any CPU
	EndGlobalSection
	GlobalSection(ProjectConfigurationPlatforms) = postSolution
		{6A69FD7E-83BB-449F-A800-05CA4C6472B8}.Debug|Any CPU.ActiveCfg = Debug|Any CPU
		{6A69FD7E-83BB-449F-A800-05CA4C6472B8}.Debug|Any CPU.Build.0 = Debug|Any CPU
		{6A69FD7E-83BB-449F-A800-05CA4C6472B8}.Release|Any CPU.ActiveCfg = Release|Any CPU
		{6A69FD7E-83BB-449F-A800-05CA4C6472B8}.Release|Any CPU.Build.0 = Release|Any CPU
	EndGlobalSection
	GlobalSection(SolutionProperties) = preSolution
		HideSolutionNode = FALSE
	EndGlobalSection
	GlobalSection(ExtensibilityGlobals) = postSolution
		SolutionGuid = {337FE23B-6257-4590-8191-4C8D49FFA9E2}
	EndGlobalSection
EndGlobal
